
Microsoft Visual Studio Solution File, Format Version 12.00
# Visual Studio Version 16
VisualStudioVersion = 16.0.31025.194
MinimumVisualStudioVersion = 10.0.40219.1
Project("{FAE04EC0-301F-11D3-BF4B-00C04F79EFBC}") = "Managing_Car", "Managing_Car\Managing_Car.csproj", "{AECCB224-EE45-4C0F-800E-913B4AB76059}"
EndProject
Global
	GlobalSection(SolutionConfigurationPlatforms) = preSolution
		Debug|Any CPU = Debug|Any CPU
		Release|Any CPU = Release|Any CPU
	EndGlobalSection
	GlobalSection(ProjectConfigurationPlatforms) = postSolution
		{AECCB224-EE45-4C0F-800E-913B4AB76059}.Debug|Any CPU.ActiveCfg = Debug|Any CPU
		{AECCB224-EE45-4C0F-800E-913B4AB76059}.Debug|Any CPU.Build.0 = Debug|Any CPU
		{AECCB224-EE45-4C0F-800E-913B4AB76059}.Release|Any CPU.ActiveCfg = Release|Any CPU
		{AECCB224-EE45-4C0F-800E-913B4AB76059}.Release|Any CPU.Build.0 = Release|Any CPU
	EndGlobalSection
	GlobalSection(SolutionProperties) = preSolution
		HideSolutionNode = FALSE
	EndGlobalSection
	GlobalSection(ExtensibilityGlobals) = postSolution
		SolutionGuid = {0B19128A-6694-49BD-861A-F5832919C1A7}
	EndGlobalSection
EndGlobal
